Microsoft Visual Studio Solution File, Format Version 11.00
# Visual Studio 2008

Project("{30C5E1E1-6EAF-105F-9530-24200A4385DC}") = "ludum-dare-7dRTS", "Assembly-CSharp-firstpass.csproj", "{B591FD14-AB36-10B1-0C96-223A4DAA9E90}"
EndProject
Project("{30C5E1E1-6EAF-105F-9530-24200A4385DC}") = "ludum-dare-7dRTS", "Assembly-CSharp.csproj", "{D14AE1E0-42BB-6829-71DD-1BB78CDFD73A}"
EndProject
Project("{30C5E1E1-6EAF-105F-9530-24200A4385DC}") = "ludum-dare-7dRTS", "Assembly-CSharp-Editor.csproj", "{35EB65EC-6EAD-D701-F661-99120B0B66E1}"
EndProject
Project("{30C5E1E1-6EAF-105F-9530-24200A4385DC}") = "ludum-dare-7dRTS", "Assembly-Boo-Editor.booproj", "{E8C42F16-57F2-89E6-667F-9479AB2241F7}"
EndProject
Project("{30C5E1E1-6EAF-105F-9530-24200A4385DC}") = "ludum-dare-7dRTS", "Assembly-UnityScript-firstpass.unityproj", "{FB7DF121-BC53-FA39-E3CC-B701A6B30E65}"
EndProject
Project("{30C5E1E1-6EAF-105F-9530-24200A4385DC}") = "ludum-dare-7dRTS", "Assembly-UnityScript.unityproj", "{553EC5E9-7705-63AB-16BC-3B26C2C71A9B}"
EndProject
Project("{30C5E1E1-6EAF-105F-9530-24200A4385DC}") = "ludum-dare-7dRTS", "Assembly-UnityScript-Editor.unityproj", "{AD9421EE-900F-27BF-B9BB-9468E8E85F9B}"
EndProject
Global
	GlobalSection(SolutionConfigurationPlatforms) = preSolution
		Debug|Any CPU = Debug|Any CPU
		Release|Any CPU = Release|Any CPU
	EndGlobalSection
	GlobalSection(ProjectConfigurationPlatforms) = postSolution
		{B591FD14-AB36-10B1-0C96-223A4DAA9E90}.Debug|Any CPU.ActiveCfg = Debug|Any CPU
		{B591FD14-AB36-10B1-0C96-223A4DAA9E90}.Debug|Any CPU.Build.0 = Debug|Any CPU
		{B591FD14-AB36-10B1-0C96-223A4DAA9E90}.Release|Any CPU.ActiveCfg = Release|Any CPU
		{B591FD14-AB36-10B1-0C96-223A4DAA9E90}.Release|Any CPU.Build.0 = Release|Any CPU
		{D14AE1E0-42BB-6829-71DD-1BB78CDFD73A}.Debug|Any CPU.ActiveCfg = Debug|Any CPU
		{D14AE1E0-42BB-6829-71DD-1BB78CDFD73A}.Debug|Any CPU.Build.0 = Debug|Any CPU
		{D14AE1E0-42BB-6829-71DD-1BB78CDFD73A}.Release|Any CPU.ActiveCfg = Release|Any CPU
		{D14AE1E0-42BB-6829-71DD-1BB78CDFD73A}.Release|Any CPU.Build.0 = Release|Any CPU
		{35EB65EC-6EAD-D701-F661-99120B0B66E1}.Debug|Any CPU.ActiveCfg = Debug|Any CPU
		{35EB65EC-6EAD-D701-F661-99120B0B66E1}.Debug|Any CPU.Build.0 = Debug|Any CPU
		{35EB65EC-6EAD-D701-F661-99120B0B66E1}.Release|Any CPU.ActiveCfg = Release|Any CPU
		{35EB65EC-6EAD-D701-F661-99120B0B66E1}.Release|Any CPU.Build.0 = Release|Any CPU
		{E8C42F16-57F2-89E6-667F-9479AB2241F7}.Debug|Any CPU.ActiveCfg = Debug|Any CPU
		{E8C42F16-57F2-89E6-667F-9479AB2241F7}.Debug|Any CPU.Build.0 = Debug|Any CPU
		{E8C42F16-57F2-89E6-667F-9479AB2241F7}.Release|Any CPU.ActiveCfg = Release|Any CPU
		{E8C42F16-57F2-89E6-667F-9479AB2241F7}.Release|Any CPU.Build.0 = Release|Any CPU
		{FB7DF121-BC53-FA39-E3CC-B701A6B30E65}.Debug|Any CPU.ActiveCfg = Debug|Any CPU
		{FB7DF121-BC53-FA39-E3CC-B701A6B30E65}.Debug|Any CPU.Build.0 = Debug|Any CPU
		{FB7DF121-BC53-FA39-E3CC-B701A6B30E65}.Release|Any CPU.ActiveCfg = Release|Any CPU
		{FB7DF121-BC53-FA39-E3CC-B701A6B30E65}.Release|Any CPU.Build.0 = Release|Any CPU
		{553EC5E9-7705-63AB-16BC-3B26C2C71A9B}.Debug|Any CPU.ActiveCfg = Debug|Any CPU
		{553EC5E9-7705-63AB-16BC-3B26C2C71A9B}.Debug|Any CPU.Build.0 = Debug|Any CPU
		{553EC5E9-7705-63AB-16BC-3B26C2C71A9B}.Release|Any CPU.ActiveCfg = Release|Any CPU
		{553EC5E9-7705-63AB-16BC-3B26C2C71A9B}.Release|Any CPU.Build.0 = Release|Any CPU
		{AD9421EE-900F-27BF-B9BB-9468E8E85F9B}.Debug|Any CPU.ActiveCfg = Debug|Any CPU
		{AD9421EE-900F-27BF-B9BB-9468E8E85F9B}.Debug|Any CPU.Build.0 = Debug|Any CPU
		{AD9421EE-900F-27BF-B9BB-9468E8E85F9B}.Release|Any CPU.ActiveCfg = Release|Any CPU
		{AD9421EE-900F-27BF-B9BB-9468E8E85F9B}.Release|Any CPU.Build.0 = Release|Any CPU
	EndGlobalSection
	GlobalSection(SolutionProperties) = preSolution
		HideSolutionNode = FALSE
	EndGlobalSection
																																																												GlobalSection(MonoDevelopProperties) = preSolution
		StartupItem = Assembly-CSharp.csproj
		Policies = $0
		$0.TextStylePolicy = $1
		$1.inheritsSet = null
		$1.scope = text/x-csharp
		$0.CSharpFormattingPolicy = $2
		$2.inheritsSet = Mono
		$2.inheritsScope = text/x-csharp
		$2.scope = text/x-csharp
		$0.TextStylePolicy = $3
		$3.FileWidth = 120
		$3.TabWidth = 4
		$3.EolMarker = Unix
		$3.inheritsSet = Mono
		$3.inheritsScope = text/plain
		$3.scope = text/plain
	EndGlobalSection

EndGlobal
